
Microsoft Visual Studio Solution File, Format Version 12.00
# Visual Studio Version 16
VisualStudioVersion = 16.0.30717.126
MinimumVisualStudioVersion = 10.0.40219.1
Project("{FAE04EC0-301F-11D3-BF4B-00C04F79EFBC}") = "kalbe farma tampilan", "kalbe farma tampilan\kalbe farma tampilan.csproj", "{34B41F6F-F157-4EDF-8382-24907424FAB9}"
EndProject
Global
	GlobalSection(SolutionConfigurationPlatforms) = preSolution
		Debug|Any CPU = Debug|Any CPU
		Release|Any CPU = Release|Any CPU
	EndGlobalSection
	GlobalSection(ProjectConfigurationPlatforms) = postSolution
		{34B41F6F-F157-4EDF-8382-24907424FAB9}.Debug|Any CPU.ActiveCfg = Debug|Any CPU
		{34B41F6F-F157-4EDF-8382-24907424FAB9}.Debug|Any CPU.Build.0 = Debug|Any CPU
		{34B41F6F-F157-4EDF-8382-24907424FAB9}.Release|Any CPU.ActiveCfg = Release|Any CPU
		{34B41F6F-F157-4EDF-8382-24907424FAB9}.Release|Any CPU.Build.0 = Release|Any CPU
	EndGlobalSection
	GlobalSection(SolutionProperties) = preSolution
		HideSolutionNode = FALSE
	EndGlobalSection
	GlobalSection(ExtensibilityGlobals) = postSolution
		SolutionGuid = {7A8436B2-45F1-4D44-BBB9-DCDA4E53DE9A}
	EndGlobalSection
EndGlobal
